
Microsoft Visual Studio Solution File, Format Version 12.00
# Visual Studio Version 17
VisualStudioVersion = 17.11.35208.52
MinimumVisualStudioVersion = 10.0.40219.1
Project("{FAE04EC0-301F-11D3-BF4B-00C04F79EFBC}") = "STARQUIMOD", "STARQUIMOD.csproj", "{42BBB4DB-BA8E-4AF9-B498-0AD5F43C7960}"
EndProject
Global
	GlobalSection(SolutionConfigurationPlatforms) = preSolution
		Debug|Any CPU = Debug|Any CPU
		Release|Any CPU = Release|Any CPU
	EndGlobalSection
	GlobalSection(ProjectConfigurationPlatforms) = postSolution
		{42BBB4DB-BA8E-4AF9-B498-0AD5F43C7960}.Debug|Any CPU.ActiveCfg = Debug|Any CPU
		{42BBB4DB-BA8E-4AF9-B498-0AD5F43C7960}.Debug|Any CPU.Build.0 = Debug|Any CPU
		{42BBB4DB-BA8E-4AF9-B498-0AD5F43C7960}.Release|Any CPU.ActiveCfg = Release|Any CPU
		{42BBB4DB-BA8E-4AF9-B498-0AD5F43C7960}.Release|Any CPU.Build.0 = Release|Any CPU
	EndGlobalSection
	GlobalSection(SolutionProperties) = preSolution
		HideSolutionNode = FALSE
	EndGlobalSection
	GlobalSection(ExtensibilityGlobals) = postSolution
		SolutionGuid = {92AEBDB7-4CA9-4514-BB9A-192D9B446F11}
	EndGlobalSection
EndGlobal
